# THIS IS AN AUTOGENERATED FILE. DO NOT EDIT THIS FILE DIRECTLY.
# yarn lockfile v1


confusing-browser-globals@^1.0.10:
  version "1.0.10"
  resolved "https://registry.yarnpkg.com/confusing-browser-globals/-/confusing-browser-globals-1.0.10.tgz#30d1e7f3d1b882b25ec4933d1d1adac353d20a59"
  integrity sha512-gNld/3lySHwuhaVluJUKLePYirM3QNCKzVxqAdhJII9/WXKVX5PURzMVJspS1jTslSqjeuG4KMVTSouit5YPHA==

eslint-config-react-app@^6.0.0:
  version "6.0.0"
  resolved "https://registry.yarnpkg.com/eslint-config-react-app/-/eslint-config-react-app-6.0.0.tgz#ccff9fc8e36b322902844cbd79197982be355a0e"
  integrity sha512-bpoAAC+YRfzq0dsTk+6v9aHm/uqnDwayNAXleMypGl6CpxI9oXXscVHo4fk3eJPIn+rsbtNetB4r/ZIidFIE8A==
  dependencies:
    confusing-browser-globals "^1.0.10"
